
Microsoft Visual Studio Solution File, Format Version 12.00
# Visual Studio Version 16
VisualStudioVersion = 16.0.31321.278
MinimumVisualStudioVersion = 10.0.40219.1
Project("{FAE04EC0-301F-11D3-BF4B-00C04F79EFBC}") = "Publish", "Publish\Publish.csproj", "{F2E2FD2F-E3BF-4E46-9A2A-AED28EA341A1}"
EndProject
Project("{FAE04EC0-301F-11D3-BF4B-00C04F79EFBC}") = "Subscribe", "Subscribe\Subscribe.csproj", "{AA3F4C59-C770-40CF-BDFA-D91C2DC1C72C}"
EndProject
Global
	GlobalSection(SolutionConfigurationPlatforms) = preSolution
		Debug|Any CPU = Debug|Any CPU
		Release|Any CPU = Release|Any CPU
	EndGlobalSection
	GlobalSection(ProjectConfigurationPlatforms) = postSolution
		{F2E2FD2F-E3BF-4E46-9A2A-AED28EA341A1}.Debug|Any CPU.ActiveCfg = Debug|Any CPU
		{F2E2FD2F-E3BF-4E46-9A2A-AED28EA341A1}.Debug|Any CPU.Build.0 = Debug|Any CPU
		{F2E2FD2F-E3BF-4E46-9A2A-AED28EA341A1}.Release|Any CPU.ActiveCfg = Release|Any CPU
		{F2E2FD2F-E3BF-4E46-9A2A-AED28EA341A1}.Release|Any CPU.Build.0 = Release|Any CPU
		{AA3F4C59-C770-40CF-BDFA-D91C2DC1C72C}.Debug|Any CPU.ActiveCfg = Debug|Any CPU
		{AA3F4C59-C770-40CF-BDFA-D91C2DC1C72C}.Debug|Any CPU.Build.0 = Debug|Any CPU
		{AA3F4C59-C770-40CF-BDFA-D91C2DC1C72C}.Release|Any CPU.ActiveCfg = Release|Any CPU
		{AA3F4C59-C770-40CF-BDFA-D91C2DC1C72C}.Release|Any CPU.Build.0 = Release|Any CPU
	EndGlobalSection
	GlobalSection(SolutionProperties) = preSolution
		HideSolutionNode = FALSE
	EndGlobalSection
	GlobalSection(ExtensibilityGlobals) = postSolution
		SolutionGuid = {09854C73-52CB-4C68-861D-2CB8902DFBD7}
	EndGlobalSection
EndGlobal
